
Microsoft Visual Studio Solution File, Format Version 12.00
# Visual Studio Version 16
VisualStudioVersion = 16.0.31112.23
MinimumVisualStudioVersion = 10.0.40219.1
Project("{FAE04EC0-301F-11D3-BF4B-00C04F79EFBC}") = "DDRI", "DDRI\DDRI.csproj", "{40A7FEAE-D5AC-410F-AFB7-5B74120A66E4}"
EndProject
Global
	GlobalSection(SolutionConfigurationPlatforms) = preSolution
		Debug|Any CPU = Debug|Any CPU
		Release|Any CPU = Release|Any CPU
	EndGlobalSection
	GlobalSection(ProjectConfigurationPlatforms) = postSolution
		{40A7FEAE-D5AC-410F-AFB7-5B74120A66E4}.Debug|Any CPU.ActiveCfg = Debug|Any CPU
		{40A7FEAE-D5AC-410F-AFB7-5B74120A66E4}.Debug|Any CPU.Build.0 = Debug|Any CPU
		{40A7FEAE-D5AC-410F-AFB7-5B74120A66E4}.Release|Any CPU.ActiveCfg = Release|Any CPU
		{40A7FEAE-D5AC-410F-AFB7-5B74120A66E4}.Release|Any CPU.Build.0 = Release|Any CPU
	EndGlobalSection
	GlobalSection(SolutionProperties) = preSolution
		HideSolutionNode = FALSE
	EndGlobalSection
	GlobalSection(ExtensibilityGlobals) = postSolution
		SolutionGuid = {81F429FB-F705-4F54-8C36-511800B80D6B}
	EndGlobalSection
EndGlobal
